Microsoft Visual Studio Solution File, Format Version 11.00
# Visual Studio 2008

Project("{9E93CF61-9DD7-F5CD-F987-DF1AC2D44F6B}") = "Dog bath", "Assembly-CSharp.csproj", "{51FFA119-6049-FE9A-18B2-9A01667CB910}"
EndProject
Global
	GlobalSection(SolutionConfigurationPlatforms) = preSolution
		Debug|Any CPU = Debug|Any CPU
		Release|Any CPU = Release|Any CPU
	EndGlobalSection
	GlobalSection(ProjectConfigurationPlatforms) = postSolution
		{51FFA119-6049-FE9A-18B2-9A01667CB910}.Debug|Any CPU.ActiveCfg = Debug|Any CPU
		{51FFA119-6049-FE9A-18B2-9A01667CB910}.Debug|Any CPU.Build.0 = Debug|Any CPU
		{51FFA119-6049-FE9A-18B2-9A01667CB910}.Release|Any CPU.ActiveCfg = Release|Any CPU
		{51FFA119-6049-FE9A-18B2-9A01667CB910}.Release|Any CPU.Build.0 = Release|Any CPU
	EndGlobalSection
	GlobalSection(SolutionProperties) = preSolution
		HideSolutionNode = FALSE
	EndGlobalSection
	GlobalSection(MonoDevelopProperties) = preSolution
		StartupItem = Assembly-CSharp.csproj
	EndGlobalSection
EndGlobal
