
Microsoft Visual Studio Solution File, Format Version 12.00
# Visual Studio 2015
Project("{FAE04EC0-301F-11D3-BF4B-00C04F79EFBC}") = "Dog bath", "Dog bath.csproj", "{93C7267A-4A2B-A83E-0D9B-2A679CD4011B}"
EndProject
Global
	GlobalSection(SolutionConfigurationPlatforms) = preSolution
		Debug|Any CPU = Debug|Any CPU
		Release|Any CPU = Release|Any CPU
	EndGlobalSection
	GlobalSection(ProjectConfigurationPlatforms) = postSolution
		{93C7267A-4A2B-A83E-0D9B-2A679CD4011B}.Debug|Any CPU.ActiveCfg = Debug|Any CPU
		{93C7267A-4A2B-A83E-0D9B-2A679CD4011B}.Debug|Any CPU.Build.0 = Debug|Any CPU
		{93C7267A-4A2B-A83E-0D9B-2A679CD4011B}.Release|Any CPU.ActiveCfg = Release|Any CPU
		{93C7267A-4A2B-A83E-0D9B-2A679CD4011B}.Release|Any CPU.Build.0 = Release|Any CPU
	EndGlobalSection
	GlobalSection(SolutionProperties) = preSolution
		HideSolutionNode = FALSE
	EndGlobalSection
EndGlobal
